
Microsoft Visual Studio Solution File, Format Version 12.00
# Visual Studio Version 17
VisualStudioVersion = 17.3.32825.248
MinimumVisualStudioVersion = 10.0.40219.1
Project("{2150E333-8FDC-42A3-9474-1A3956D46DE8}") = "Unidad6Contectado", "Unidad6Contectado", "{7B1D458C-EF21-4F3E-9894-5EFCA9C44082}"
EndProject
Project("{9A19103F-16F7-4668-BE54-9A1E7A4F7556}") = "Eje1paises", "Eje1paises\Eje1paises.csproj", "{013093CA-9845-46FC-9436-57B65EAC00EB}"
EndProject
Project("{FAE04EC0-301F-11D3-BF4B-00C04F79EFBC}") = "Ferretera", "Ferretera\Ferretera.csproj", "{C4655715-A546-40B9-B39D-F5D06D95B9E8}"
EndProject
Global
	GlobalSection(SolutionConfigurationPlatforms) = preSolution
		Debug|Any CPU = Debug|Any CPU
		Release|Any CPU = Release|Any CPU
	EndGlobalSection
	GlobalSection(ProjectConfigurationPlatforms) = postSolution
		{013093CA-9845-46FC-9436-57B65EAC00EB}.Debug|Any CPU.ActiveCfg = Debug|Any CPU
		{013093CA-9845-46FC-9436-57B65EAC00EB}.Debug|Any CPU.Build.0 = Debug|Any CPU
		{013093CA-9845-46FC-9436-57B65EAC00EB}.Release|Any CPU.ActiveCfg = Release|Any CPU
		{013093CA-9845-46FC-9436-57B65EAC00EB}.Release|Any CPU.Build.0 = Release|Any CPU
		{C4655715-A546-40B9-B39D-F5D06D95B9E8}.Debug|Any CPU.ActiveCfg = Debug|Any CPU
		{C4655715-A546-40B9-B39D-F5D06D95B9E8}.Debug|Any CPU.Build.0 = Debug|Any CPU
		{C4655715-A546-40B9-B39D-F5D06D95B9E8}.Release|Any CPU.ActiveCfg = Release|Any CPU
		{C4655715-A546-40B9-B39D-F5D06D95B9E8}.Release|Any CPU.Build.0 = Release|Any CPU
	EndGlobalSection
	GlobalSection(SolutionProperties) = preSolution
		HideSolutionNode = FALSE
	EndGlobalSection
	GlobalSection(NestedProjects) = preSolution
		{013093CA-9845-46FC-9436-57B65EAC00EB} = {7B1D458C-EF21-4F3E-9894-5EFCA9C44082}
		{C4655715-A546-40B9-B39D-F5D06D95B9E8} = {7B1D458C-EF21-4F3E-9894-5EFCA9C44082}
	EndGlobalSection
	GlobalSection(ExtensibilityGlobals) = postSolution
		SolutionGuid = {38AF66CE-CF7E-4580-B4EE-11CB3244CC72}
	EndGlobalSection
EndGlobal
